// !$*UTF8*$!
{
	archiveVersion = 1;
	classes = {
	};
	objectVersion = 50;
	objects = {

/* Begin PBXBuildFile section */
		B94C37A126C3F14500CA7A81 /* MuseoSansCyrl.otf in Resources */ = {isa = PBXBuildFile; fileRef = B94C379F26C3EF7500CA7A81 /* MuseoSansCyrl.otf */; };
		B94C37A426C3F3A100CA7A81 /* TestMainScreen.swift in Sources */ = {isa = PBXBuildFile; fileRef = B94C37A326C3F3A100CA7A81 /* TestMainScreen.swift */; };
		B95D257C26C3218400B6959E /* PosApiTestApp.swift in Sources */ = {isa = PBXBuildFile; fileRef = B95D257B26C3218400B6959E /* PosApiTestApp.swift */; };
		B95D257E26C3218400B6959E /* ContentView.swift in Sources */ = {isa = PBXBuildFile; fileRef = B95D257D26C3218400B6959E /* ContentView.swift */; };
		B95D258026C3218600B6959E /* Assets.xcassets in Resources */ = {isa = PBXBuildFile; fileRef = B95D257F26C3218600B6959E /* Assets.xcassets */; };
		B95D258326C3218600B6959E /* Preview Assets.xcassets in Resources */ = {isa = PBXBuildFile; fileRef = B95D258226C3218600B6959E /* Preview Assets.xcassets */; };
/* End PBXBuildFile section */

/* Begin PBXFileReference section */
		B94C379F26C3EF7500CA7A81 /* MuseoSansCyrl.otf */ = {isa = PBXFileReference; lastKnownFileType = file; name = MuseoSansCyrl.otf; path = PosApiTest/Fonts/MuseoSansCyrl.otf; sourceTree = SOURCE_ROOT; };
		B94C37A326C3F3A100CA7A81 /* TestMainScreen.swift */ = {isa = PBXFileReference; lastKnownFileType = sourcecode.swift; path = TestMainScreen.swift; sourceTree = "<group>"; };
		B95D257826C3218400B6959E /* PosApiTest.app */ = {isa = PBXFileReference; explicitFileType = wrapper.application; includeInIndex = 0; path = PosApiTest.app; sourceTree = BUILT_PRODUCTS_DIR; };
		B95D257B26C3218400B6959E /* PosApiTestApp.swift */ = {isa = PBXFileReference; lastKnownFileType = sourcecode.swift; path = PosApiTestApp.swift; sourceTree = "<group>"; };
		B95D257D26C3218400B6959E /* ContentView.swift */ = {isa = PBXFileReference; lastKnownFileType = sourcecode.swift; path = ContentView.swift; sourceTree = "<group>"; };
		B95D257F26C3218600B6959E /* Assets.xcassets */ = {isa = PBXFileReference; lastKnownFileType = folder.assetcatalog; path = Assets.xcassets; sourceTree = "<group>"; };
		B95D258226C3218600B6959E /* Preview Assets.xcassets */ = {isa = PBXFileReference; lastKnownFileType = folder.assetcatalog; path = "Preview Assets.xcassets"; sourceTree = "<group>"; };
		B95D258426C3218600B6959E /* Info.plist */ = {isa = PBXFileReference; lastKnownFileType = text.plist.xml; path = Info.plist; sourceTree = "<group>"; };
/* End PBXFileReference section */

/* Begin PBXFrameworksBuildPhase section */
		B95D257526C3218400B6959E /* Frameworks */ = {
			isa = PBXFrameworksBuildPhase;
			buildActionMask = 2147483647;
			files = (
			);
			runOnlyForDeploymentPostprocessing = 0;
		};
/* End PBXFrameworksBuildPhase section */

/* Begin PBXGroup section */
		B94C379E26C3EF6E00CA7A81 /* Fonts */ = {
			isa = PBXGroup;
			children = (
				B94C379F26C3EF7500CA7A81 /* MuseoSansCyrl.otf */,
			);
			path = Fonts;
			sourceTree = "<group>";
		};
		B95D256F26C3218400B6959E = {
			isa = PBXGroup;
			children = (
				B95D257A26C3218400B6959E /* PosApiTest */,
				B95D257926C3218400B6959E /* Products */,
			);
			sourceTree = "<group>";
		};
		B95D257926C3218400B6959E /* Products */ = {
			isa = PBXGroup;
			children = (
				B95D257826C3218400B6959E /* PosApiTest.app */,
			);
			name = Products;
			sourceTree = "<group>";
		};
		B95D257A26C3218400B6959E /* PosApiTest */ = {
			isa = PBXGroup;
			children = (
				B94C379E26C3EF6E00CA7A81 /* Fonts */,
				B95D257B26C3218400B6959E /* PosApiTestApp.swift */,
				B95D257D26C3218400B6959E /* ContentView.swift */,
				B94C37A326C3F3A100CA7A81 /* TestMainScreen.swift */,
				B95D257F26C3218600B6959E /* Assets.xcassets */,
				B95D258426C3218600B6959E /* Info.plist */,
				B95D258126C3218600B6959E /* Preview Content */,
			);
			path = PosApiTest;
			sourceTree = "<group>";
		};
		B95D258126C3218600B6959E /* Preview Content */ = {
			isa = PBXGroup;
			children = (
				B95D258226C3218600B6959E /* Preview Assets.xcassets */,
			);
			path = "Preview Content";
			sourceTree = "<group>";
		};
/* End PBXGroup section */

/* Begin PBXNativeTarget section */
		B95D257726C3218400B6959E /* PosApiTest */ = {
			isa = PBXNativeTarget;
			buildConfigurationList = B95D258726C3218600B6959E /* Build configuration list for PBXNativeTarget "PosApiTest" */;
			buildPhases = (
				B95D257426C3218400B6959E /* Sources */,
				B95D257526C3218400B6959E /* Frameworks */,
				B95D257626C3218400B6959E /* Resources */,
			);
			buildRules = (
			);
			dependencies = (
			);
			name = PosApiTest;
			productName = PosApiTest;
			productReference = B95D257826C3218400B6959E /* PosApiTest.app */;
			productType = "com.apple.product-type.application";
		};
/* End PBXNativeTarget section */

/* Begin PBXProject section */
		B95D257026C3218400B6959E /* Project object */ = {
			isa = PBXProject;
			attributes = {
				LastSwiftUpdateCheck = 1250;
				LastUpgradeCheck = 1250;
				TargetAttributes = {
					B95D257726C3218400B6959E = {
						CreatedOnToolsVersion = 12.5.1;
					};
				};
			};
			buildConfigurationList = B95D257326C3218400B6959E /* Build configuration list for PBXProject "PosApiTest" */;
			compatibilityVersion = "Xcode 9.3";
			developmentRegion = en;
			hasScannedForEncodings = 0;
			knownRegions = (
				en,
				Base,
			);
			mainGroup = B95D256F26C3218400B6959E;
			productRefGroup = B95D257926C3218400B6959E /* Products */;
			projectDirPath = "";
			projectRoot = "";
			targets = (
				B95D257726C3218400B6959E /* PosApiTest */,
			);
		};
/* End PBXProject section */

/* Begin PBXResourcesBuildPhase section */
		B95D257626C3218400B6959E /* Resources */ = {
			isa = PBXResourcesBuildPhase;
			buildActionMask = 2147483647;
			files = (
				B94C37A126C3F14500CA7A81 /* MuseoSansCyrl.otf in Resources */,
				B95D258326C3218600B6959E /* Preview Assets.xcassets in Resources */,
				B95D258026C3218600B6959E /* Assets.xcassets in Resources */,
			);
			runOnlyForDeploymentPostprocessing = 0;
		};
/* End PBXResourcesBuildPhase section */

/* Begin PBXSourcesBuildPhase section */
		B95D257426C3218400B6959E /* Sources */ = {
			isa = PBXSourcesBuildPhase;
			buildActionMask = 2147483647;
			files = (
				B95D257E26C3218400B6959E /* ContentView.swift in Sources */,
				B94C37A426C3F3A100CA7A81 /* TestMainScreen.swift in Sources */,
				B95D257C26C3218400B6959E /* PosApiTestApp.swift in Sources */,
			);
			runOnlyForDeploymentPostprocessing = 0;
		};
/* End PBXSourcesBuildPhase section */

/* Begin XCBuildConfiguration section */
		B95D258526C3218600B6959E /* Debug */ = {
			isa = XCBuildConfiguration;
			buildSettings = {
				ALWAYS_SEARCH_USER_PATHS = NO;
				CLANG_ANALYZER_NONNULL = YES;
				CLANG_ANALYZER_NUMBER_OBJECT_CONVERSION = YES_AGGRESSIVE;
				CLANG_CXX_LANGUAGE_STANDARD = "gnu++14";
				CLANG_CXX_LIBRARY = "libc++";
				CLANG_ENABLE_MODULES = YES;
				CLANG_ENABLE_OBJC_ARC = YES;
				CLANG_ENABLE_OBJC_WEAK = YES;
				CLANG_WARN_BLOCK_CAPTURE_AUTORELEASING = YES;
				CLANG_WARN_BOOL_CONVERSION = YES;
				CLANG_WARN_COMMA = YES;
				CLANG_WARN_CONSTANT_CONVERSION = YES;
				CLANG_WARN_DEPRECATED_OBJC_IMPLEMENTATIONS = YES;
				CLANG_WARN_DIRECT_OBJC_ISA_USAGE = YES_ERROR;
				CLANG_WARN_DOCUMENTATION_COMMENTS = YES;
				CLANG_WARN_EMPTY_BODY = YES;
				CLANG_WARN_ENUM_CONVERSION = YES;
				CLANG_WARN_INFINITE_RECURSION = YES;
				CLANG_WARN_INT_CONVERSION = YES;
				CLANG_WARN_NON_LITERAL_NULL_CONVERSION = YES;
				CLANG_WARN_OBJC_IMPLICIT_RETAIN_SELF = YES;
				CLANG_WARN_OBJC_LITERAL_CONVERSION = YES;
				CLANG_WARN_OBJC_ROOT_CLASS = YES_ERROR;
				CLANG_WARN_QUOTED_INCLUDE_IN_FRAMEWORK_HEADER = YES;
				CLANG_WARN_RANGE_LOOP_ANALYSIS = YES;
				CLANG_WARN_STRICT_PROTOTYPES = YES;
				CLANG_WARN_SUSPICIOUS_MOVE = YES;
				CLANG_WARN_UNGUARDED_AVAILABILITY = YES_AGGRESSIVE;
				CLANG_WARN_UNREACHABLE_CODE = YES;
				CLANG_WARN__DUPLICATE_METHOD_MATCH = YES;
				COPY_PHASE_STRIP = NO;
				DEBUG_INFORMATION_FORMAT = dwarf;
				ENABLE_STRICT_OBJC_MSGSEND = YES;
				ENABLE_TESTABILITY = YES;
				GCC_C_LANGUAGE_STANDARD = gnu11;
				GCC_DYNAMIC_NO_PIC = NO;
				GCC_NO_COMMON_BLOCKS = YES;
				GCC_OPTIMIZATION_LEVEL = 0;
				GCC_PREPROCESSOR_DEFINITIONS = (
					"DEBUG=1",
					"$(inherited)",
				);
				GCC_WARN_64_TO_32_BIT_CONVERSION = YES;
				GCC_WARN_ABOUT_RETURN_TYPE = YES_ERROR;
				GCC_WARN_UNDECLARED_SELECTOR = YES;
				GCC_WARN_UNINITIALIZED_AUTOS = YES_AGGRESSIVE;
				GCC_WARN_UNUSED_FUNCTION = YES;
				GCC_WARN_UNUSED_VARIABLE = YES;
				IPHONEOS_DEPLOYMENT_TARGET = 14.5;
				MTL_ENABLE_DEBUG_INFO = INCLUDE_SOURCE;
				MTL_FAST_MATH = YES;
				ONLY_ACTIVE_ARCH = YES;
				SDKROOT = iphoneos;
				SWIFT_ACTIVE_COMPILATION_CONDITIONS = DEBUG;
				SWIFT_OPTIMIZATION_LEVEL = "-Onone";
			};
			name = Debug;
		};
		B95D258626C3218600B6959E /* Release */ = {
			isa = XCBuildConfiguration;
			buildSettings = {
				ALWAYS_SEARCH_USER_PATHS = NO;
				CLANG_ANALYZER_NONNULL = YES;
				CLANG_ANALYZER_NUMBER_OBJECT_CONVERSION = YES_AGGRESSIVE;
				CLANG_CXX_LANGUAGE_STANDARD = "gnu++14";
				CLANG_CXX_LIBRARY = "libc++";
				CLANG_ENABLE_MODULES = YES;
				CLANG_ENABLE_OBJC_ARC = YES;
				CLANG_ENABLE_OBJC_WEAK = YES;
				CLANG_WARN_BLOCK_CAPTURE_AUTORELEASING = YES;
				CLANG_WARN_BOOL_CONVERSION = YES;
				CLANG_WARN_COMMA = YES;
				CLANG_WARN_CONSTANT_CONVERSION = YES;
				CLANG_WARN_DEPRECATED_OBJC_IMPLEMENTATIONS = YES;
				CLANG_WARN_DIRECT_OBJC_ISA_USAGE = YES_ERROR;
				CLANG_WARN_DOCUMENTATION_COMMENTS = YES;
				CLANG_WARN_EMPTY_BODY = YES;
				CLANG_WARN_ENUM_CONVERSION = YES;
				CLANG_WARN_INFINITE_RECURSION = YES;
				CLANG_WARN_INT_CONVERSION = YES;
				CLANG_WARN_NON_LITERAL_NULL_CONVERSION = YES;
				CLANG_WARN_OBJC_IMPLICIT_RETAIN_SELF = YES;
				CLANG_WARN_OBJC_LITERAL_CONVERSION = YES;
				CLANG_WARN_OBJC_ROOT_CLASS = YES_ERROR;
				CLANG_WARN_QUOTED_INCLUDE_IN_FRAMEWORK_HEADER = YES;
				CLANG_WARN_RANGE_LOOP_ANALYSIS = YES;
				CLANG_WARN_STRICT_PROTOTYPES = YES;
				CLANG_WARN_SUSPICIOUS_MOVE = YES;
				CLANG_WARN_UNGUARDED_AVAILABILITY = YES_AGGRESSIVE;
				CLANG_WARN_UNREACHABLE_CODE = YES;
				CLANG_WARN__DUPLICATE_METHOD_MATCH = YES;
				COPY_PHASE_STRIP = NO;
				DEBUG_INFORMATION_FORMAT = "dwarf-with-dsym";
				ENABLE_NS_ASSERTIONS = NO;
				ENABLE_STRICT_OBJC_MSGSEND = YES;
				GCC_C_LANGUAGE_STANDARD = gnu11;
				GCC_NO_COMMON_BLOCKS = YES;
				GCC_WARN_64_TO_32_BIT_CONVERSION = YES;
				GCC_WARN_ABOUT_RETURN_TYPE = YES_ERROR;
				GCC_WARN_UNDECLARED_SELECTOR = YES;
				GCC_WARN_UNINITIALIZED_AUTOS = YES_AGGRESSIVE;
				GCC_WARN_UNUSED_FUNCTION = YES;
				GCC_WARN_UNUSED_VARIABLE = YES;
				IPHONEOS_DEPLOYMENT_TARGET = 14.5;
				MTL_ENABLE_DEBUG_INFO = NO;
				MTL_FAST_MATH = YES;
				SDKROOT = iphoneos;
				SWIFT_COMPILATION_MODE = wholemodule;
				SWIFT_OPTIMIZATION_LEVEL = "-O";
				VALIDATE_PRODUCT = YES;
			};
			name = Release;
		};
		B95D258826C3218600B6959E /* Debug */ = {
			isa = XCBuildConfiguration;
			buildSettings = {
				ASSETCATALOG_COMPILER_APPICON_NAME = AppIcon;
				ASSETCATALOG_COMPILER_GLOBAL_ACCENT_COLOR_NAME = AccentColor;
				CODE_SIGN_STYLE = Automatic;
				DEVELOPMENT_ASSET_PATHS = "\"PosApiTest/Preview Content\"";
				DEVELOPMENT_TEAM = 39PXZ5SNNS;
				ENABLE_PREVIEWS = YES;
				INFOPLIST_FILE = PosApiTest/Info.plist;
				IPHONEOS_DEPLOYMENT_TARGET = 14.0;
				LD_RUNPATH_SEARCH_PATHS = (
					"$(inherited)",
					"@executable_path/Frameworks",
				);
				PRODUCT_BUNDLE_IDENTIFIER = com.sovietray.PosApiTest;
				PRODUCT_NAME = "$(TARGET_NAME)";
				SWIFT_VERSION = 5.0;
				TARGETED_DEVICE_FAMILY = "1,2";
			};
			name = Debug;
		};
		B95D258926C3218600B6959E /* Release */ = {
			isa = XCBuildConfiguration;
			buildSettings = {
				ASSETCATALOG_COMPILER_APPICON_NAME = AppIcon;
				ASSETCATALOG_COMPILER_GLOBAL_ACCENT_COLOR_NAME = AccentColor;
				CODE_SIGN_STYLE = Automatic;
				DEVELOPMENT_ASSET_PATHS = "\"PosApiTest/Preview Content\"";
				DEVELOPMENT_TEAM = 39PXZ5SNNS;
				ENABLE_PREVIEWS = YES;
				INFOPLIST_FILE = PosApiTest/Info.plist;
				IPHONEOS_DEPLOYMENT_TARGET = 14.0;
				LD_RUNPATH_SEARCH_PATHS = (
					"$(inherited)",
					"@executable_path/Frameworks",
				);
				PRODUCT_BUNDLE_IDENTIFIER = com.sovietray.PosApiTest;
				PRODUCT_NAME = "$(TARGET_NAME)";
				SWIFT_VERSION = 5.0;
				TARGETED_DEVICE_FAMILY = "1,2";
			};
			name = Release;
		};
/* End XCBuildConfiguration section */

/* Begin XCConfigurationList section */
		B95D257326C3218400B6959E /* Build configuration list for PBXProject "PosApiTest" */ = {
			isa = XCConfigurationList;
			buildConfigurations = (
				B95D258526C3218600B6959E /* Debug */,
				B95D258626C3218600B6959E /* Release */,
			);
			defaultConfigurationIsVisible = 0;
			defaultConfigurationName = Release;
		};
		B95D258726C3218600B6959E /* Build configuration list for PBXNativeTarget "PosApiTest" */ = {
			isa = XCConfigurationList;
			buildConfigurations = (
				B95D258826C3218600B6959E /* Debug */,
				B95D258926C3218600B6959E /* Release */,
			);
			defaultConfigurationIsVisible = 0;
			defaultConfigurationName = Release;
		};
/* End XCConfigurationList section */
	};
	rootObject = B95D257026C3218400B6959E /* Project object */;
}
